
Microsoft Visual Studio Solution File, Format Version 12.00
# Visual Studio Version 17
VisualStudioVersion = 17.0.31903.59
MinimumVisualStudioVersion = 10.0.40219.1
Project("{2150E333-8FDC-42A3-9474-1A3956D46DE8}") = "src", "src", "{1A6ED2F6-A368-464F-A3B4-48D9DEB6F0BB}"
EndProject
Project("{FAE04EC0-301F-11D3-BF4B-00C04F79EFBC}") = "CaseStudyApp", "src\CaseStudyApp\CaseStudyApp.csproj", "{CD1B58BD-1655-4201-A5AB-975B62671468}"
EndProject
Project("{FAE04EC0-301F-11D3-BF4B-00C04F79EFBC}") = "CaseStudyApp.Tests", "src\CaseStudyApp.Tests\CaseStudyApp.Tests.csproj", "{791A7092-C7BD-4DF5-ADF2-07D1FC2929D7}"
EndProject
Global
	GlobalSection(SolutionConfigurationPlatforms) = preSolution
		Debug|Any CPU = Debug|Any CPU
		Release|Any CPU = Release|Any CPU
	EndGlobalSection
	GlobalSection(SolutionProperties) = preSolution
		HideSolutionNode = FALSE
	EndGlobalSection
	GlobalSection(ProjectConfigurationPlatforms) = postSolution
		{CD1B58BD-1655-4201-A5AB-975B62671468}.Debug|Any CPU.ActiveCfg = Debug|Any CPU
		{CD1B58BD-1655-4201-A5AB-975B62671468}.Debug|Any CPU.Build.0 = Debug|Any CPU
		{CD1B58BD-1655-4201-A5AB-975B62671468}.Release|Any CPU.ActiveCfg = Release|Any CPU
		{CD1B58BD-1655-4201-A5AB-975B62671468}.Release|Any CPU.Build.0 = Release|Any CPU
		{791A7092-C7BD-4DF5-ADF2-07D1FC2929D7}.Debug|Any CPU.ActiveCfg = Debug|Any CPU
		{791A7092-C7BD-4DF5-ADF2-07D1FC2929D7}.Debug|Any CPU.Build.0 = Debug|Any CPU
		{791A7092-C7BD-4DF5-ADF2-07D1FC2929D7}.Release|Any CPU.ActiveCfg = Release|Any CPU
		{791A7092-C7BD-4DF5-ADF2-07D1FC2929D7}.Release|Any CPU.Build.0 = Release|Any CPU
	EndGlobalSection
	GlobalSection(NestedProjects) = preSolution
		{CD1B58BD-1655-4201-A5AB-975B62671468} = {1A6ED2F6-A368-464F-A3B4-48D9DEB6F0BB}
		{791A7092-C7BD-4DF5-ADF2-07D1FC2929D7} = {1A6ED2F6-A368-464F-A3B4-48D9DEB6F0BB}
	EndGlobalSection
EndGlobal
